
Microsoft Visual Studio Solution File, Format Version 12.00
# Visual Studio 15
VisualStudioVersion = 15.0.27004.2002
MinimumVisualStudioVersion = 10.0.40219.1
Project("{FAE04EC0-301F-11D3-BF4B-00C04F79EFBC}") = "FizzBuzzWithWcf.Client", "FizzBuzzWithWcf\FizzBuzzWithWcf.Client.csproj", "{048EAA2B-67A9-4739-A656-7B256367BFCA}"
EndProject
Project("{FAE04EC0-301F-11D3-BF4B-00C04F79EFBC}") = "FizzBuzzWithWcf.Host", "FizzBuzzWithWcf.Host\FizzBuzzWithWcf.Host.csproj", "{1ABAF1A4-500C-40F1-AE01-BC59AFB33AC3}"
EndProject
Global
	GlobalSection(SolutionConfigurationPlatforms) = preSolution
		Debug|Any CPU = Debug|Any CPU
		Release|Any CPU = Release|Any CPU
	EndGlobalSection
	GlobalSection(ProjectConfigurationPlatforms) = postSolution
		{048EAA2B-67A9-4739-A656-7B256367BFCA}.Debug|Any CPU.ActiveCfg = Debug|Any CPU
		{048EAA2B-67A9-4739-A656-7B256367BFCA}.Debug|Any CPU.Build.0 = Debug|Any CPU
		{048EAA2B-67A9-4739-A656-7B256367BFCA}.Release|Any CPU.ActiveCfg = Release|Any CPU
		{048EAA2B-67A9-4739-A656-7B256367BFCA}.Release|Any CPU.Build.0 = Release|Any CPU
		{1ABAF1A4-500C-40F1-AE01-BC59AFB33AC3}.Debug|Any CPU.ActiveCfg = Debug|Any CPU
		{1ABAF1A4-500C-40F1-AE01-BC59AFB33AC3}.Debug|Any CPU.Build.0 = Debug|Any CPU
		{1ABAF1A4-500C-40F1-AE01-BC59AFB33AC3}.Release|Any CPU.ActiveCfg = Release|Any CPU
		{1ABAF1A4-500C-40F1-AE01-BC59AFB33AC3}.Release|Any CPU.Build.0 = Release|Any CPU
	EndGlobalSection
	GlobalSection(SolutionProperties) = preSolution
		HideSolutionNode = FALSE
	EndGlobalSection
	GlobalSection(ExtensibilityGlobals) = postSolution
		SolutionGuid = {86CD030E-535A-410C-BA9C-226813BF3906}
	EndGlobalSection
EndGlobal
